{
    "version": 3,
    "terraform_version": "0.7.13",
    "serial": 4,
    "lineage": "7e7da855-41c7-4106-96df-15a30b01198b",
    "modules": [
        {
            "path": [
                "root"
            ],
            "outputs": {
                "test_server1.0.ip": {
                    "sensitive": false,
                    "type": "string",
                    "value": "10.252.10.158"
                }
            },
            "resources": {
                "aws_instance.test_server1": {
                    "type": "aws_instance",
                    "depends_on": [],
                    "primary": {
                        "id": "i-07efd073d1a01b456",
                        "attributes": {
                            "ami": "ami-650af705",
                            "associate_public_ip_address": "false",
                            "availability_zone": "us-west-2b",
                            "disable_api_termination": "false",
                            "ebs_block_device.#": "0",
                            "ebs_optimized": "false",
                            "ephemeral_block_device.#": "0",
                            "iam_instance_profile": "",
                            "id": "i-07efd073d1a01b456",
                            "instance_state": "running",
                            "instance_type": "t2.large",
                            "key_name": "tellurium_pwa_access",
                            "monitoring": "false",
                            "network_interface_id": "eni-643f9614",
                            "private_dns": "ip-10-252-10-158.us-west-2.compute.internal",
                            "private_ip": "10.252.10.158",
                            "public_dns": "",
                            "public_ip": "",
                            "root_block_device.#": "1",
                            "root_block_device.0.delete_on_termination": "true",
                            "root_block_device.0.iops": "100",
                            "root_block_device.0.volume_size": "10",
                            "root_block_device.0.volume_type": "gp2",
                            "security_groups.#": "0",
                            "source_dest_check": "true",
                            "subnet_id": "subnet-7e219816",
                            "tags.%": "5",
                            "tags.Name": "test-appeng-server-demo",
                            "tags.appdetails": "test2",
                            "tags.apptype": "demoapp",
                            "tags.environment": "test1",
                            "tags.team": "appeng",
                            "tenancy": "default",
                            "vpc_security_group_ids.#": "1",
                            "vpc_security_group_ids.1158183771": "sg-e3041384"
                        },
                        "meta": {
                            "schema_version": "1"
                        },
                        "tainted": false
                    },
                    "deposed": [],
                    "provider": ""
                }
            },
            "depends_on": []
        }
    ]
}
